<?xml version="1.0" encoding="utf-8"?>
<Project ToolsVersion="4.0" xmlns="http://schemas.microsoft.com/developer/msbuild/2003">
  <ItemGroup>
    <Filter Include="Source Files">
      <UniqueIdentifier>{4FC737F1-C7A5-4376-A066-2A32D752A2FF}</UniqueIdentifier>
      <Extensions>cpp;c;cc;cxx;c++;cppm;ixx;def;odl;idl;hpj;bat;asm;asmx</Extensions>
    </Filter>
    <Filter Include="Header Files">
      <UniqueIdentifier>{93995380-89BD-4b04-88EB-625FBE52EBFB}</UniqueIdentifier>
      <Extensions>h;hh;hpp;hxx;h++;hm;inl;inc;ipp;xsd</Extensions>
    </Filter>
    <Filter Include="Resource Files">
      <UniqueIdentifier>{67DA6AB6-F800-4c08-8B7A-83BB121AAD01}</UniqueIdentifier>
      <Extensions>rc;ico;cur;bmp;dlg;rc2;rct;bin;rgs;gif;jpg;jpeg;jpe;resx;tiff;tif;png;wav;mfcribbon-ms</Extensions>
    </Filter>
    <Filter Include="Header Files\Collision">
      <UniqueIdentifier>{24276e7b-e8bf-4669-811e-1789691fd5eb}</UniqueIdentifier>
    </Filter>
    <Filter Include="Header Files\Chunk">
      <UniqueIdentifier>{fca5e9e6-5ed7-47ba-a6fa-aeca1083ab44}</UniqueIdentifier>
    </Filter>
    <Filter Include="Header Files\Extras">
      <UniqueIdentifier>{78c08a05-1e22-4cb9-84d1-0a3112f4fcf6}</UniqueIdentifier>
    </Filter>
    <Filter Include="Header Files\Tools">
      <UniqueIdentifier>{6810aec5-3cc3-4244-859e-7d7254530847}</UniqueIdentifier>
    </Filter>
    <Filter Include="Header Files\Engine">
      <UniqueIdentifier>{4aa9b66a-87b5-4347-b9c2-7d7b142fe17c}</UniqueIdentifier>
    </Filter>
  </ItemGroup>
  <ItemGroup>
    <ClCompile Include="camera.cpp">
      <Filter>Source Files</Filter>
    </ClCompile>
    <ClCompile Include="engine.cpp">
      <Filter>Source Files</Filter>
    </ClCompile>
    <ClCompile Include="graphics.cpp">
      <Filter>Source Files</Filter>
    </ClCompile>
    <ClCompile Include="main.cpp">
      <Filter>Source Files</Filter>
    </ClCompile>
    <ClCompile Include="shader.cpp">
      <Filter>Source Files</Filter>
    </ClCompile>
    <ClCompile Include="chunk.cpp">
      <Filter>Source Files</Filter>
    </ClCompile>
    <ClCompile Include="Texture.cpp">
      <Filter>Source Files</Filter>
    </ClCompile>
    <ClCompile Include="window.cpp">
      <Filter>Source Files</Filter>
    </ClCompile>
    <ClCompile Include="chunkNibble.cpp">
      <Filter>Source Files</Filter>
    </ClCompile>
    <ClCompile Include="chunkHandler.cpp">
      <Filter>Source Files</Filter>
    </ClCompile>
    <ClCompile Include="chunkLayer.cpp">
      <Filter>Source Files</Filter>
    </ClCompile>
    <ClCompile Include="profiler.cpp">
      <Filter>Source Files</Filter>
    </ClCompile>
    <ClCompile Include="profiler_manager.cpp">
      <Filter>Source Files</Filter>
    </ClCompile>
    <ClCompile Include="chunkMeshGenerator.cpp">
      <Filter>Source Files</Filter>
    </ClCompile>
    <ClCompile Include="debug_tools.cpp">
      <Filter>Source Files</Filter>
    </ClCompile>
    <ClCompile Include="boxCollider.cpp">
      <Filter>Source Files</Filter>
    </ClCompile>
    <ClCompile Include="chunkNibbleMeshData.cpp">
      <Filter>Source Files</Filter>
    </ClCompile>
  </ItemGroup>
  <ItemGroup>
    <ClInclude Include="camera.h">
      <Filter>Header Files</Filter>
    </ClInclude>
    <ClInclude Include="block_info.h">
      <Filter>Header Files</Filter>
    </ClInclude>
    <ClInclude Include="chunk.h">
      <Filter>Header Files\Chunk</Filter>
    </ClInclude>
    <ClInclude Include="chunkHandler.h">
      <Filter>Header Files\Chunk</Filter>
    </ClInclude>
    <ClInclude Include="chunkLayer.h">
      <Filter>Header Files\Chunk</Filter>
    </ClInclude>
    <ClInclude Include="chunkMeshGenerator.h">
      <Filter>Header Files\Chunk</Filter>
    </ClInclude>
    <ClInclude Include="chunkNibbleMeshData.h">
      <Filter>Header Files\Chunk</Filter>
    </ClInclude>
    <ClInclude Include="chunkNibble.h">
      <Filter>Header Files\Chunk</Filter>
    </ClInclude>
    <ClInclude Include="ctpl.h">
      <Filter>Header Files\Extras</Filter>
    </ClInclude>
    <ClInclude Include="profiler.h">
      <Filter>Header Files\Tools</Filter>
    </ClInclude>
    <ClInclude Include="profiler_manager.h">
      <Filter>Header Files\Tools</Filter>
    </ClInclude>
    <ClInclude Include="engine.h">
      <Filter>Header Files\Engine</Filter>
    </ClInclude>
    <ClInclude Include="graphics.h">
      <Filter>Header Files\Engine</Filter>
    </ClInclude>
    <ClInclude Include="graphics_headers.h">
      <Filter>Header Files\Engine</Filter>
    </ClInclude>
    <ClInclude Include="window.h">
      <Filter>Header Files\Engine</Filter>
    </ClInclude>
    <ClInclude Include="Texture.h">
      <Filter>Header Files\Engine</Filter>
    </ClInclude>
    <ClInclude Include="shader.h">
      <Filter>Header Files\Engine</Filter>
    </ClInclude>
    <ClInclude Include="debug_tools.h">
      <Filter>Header Files\Tools</Filter>
    </ClInclude>
    <ClInclude Include="wireframe_cube.h">
      <Filter>Header Files\Tools</Filter>
    </ClInclude>
    <ClInclude Include="boxCollider.h">
      <Filter>Header Files</Filter>
    </ClInclude>
    <ClInclude Include="ray.h">
      <Filter>Header Files</Filter>
    </ClInclude>
    <ClInclude Include="entity.h">
      <Filter>Header Files</Filter>
    </ClInclude>
  </ItemGroup>
</Project>